// !$*UTF8*$!
{
	archiveVersion = 1;
	classes = {
	};
	objectVersion = 56;
	objects = {

/* Begin PBXBuildFile section */
		11192D532C603FF5001FDD1E /* AIExpenseAssistantApp.swift in Sources */ = {isa = PBXBuildFile; fileRef = 11192D522C603FF5001FDD1E /* AIExpenseAssistantApp.swift */; };
		11192D552C603FF5001FDD1E /* ContentView.swift in Sources */ = {isa = PBXBuildFile; fileRef = 11192D542C603FF5001FDD1E /* ContentView.swift */; };
		11192D572C603FF6001FDD1E /* Assets.xcassets in Resources */ = {isa = PBXBuildFile; fileRef = 11192D562C603FF6001FDD1E /* Assets.xcassets */; };
		11192D5B2C603FF6001FDD1E /* Preview Assets.xcassets in Resources */ = {isa = PBXBuildFile; fileRef = 11192D5A2C603FF6001FDD1E /* Preview Assets.xcassets */; };
		11192D622C6042A5001FDD1E /* GoogleService-Info.plist in Resources */ = {isa = PBXBuildFile; fileRef = 11192D612C6042A5001FDD1E /* GoogleService-Info.plist */; };
		11192D662C604A73001FDD1E /* FirebaseFirestore in Frameworks */ = {isa = PBXBuildFile; productRef = 11192D652C604A73001FDD1E /* FirebaseFirestore */; };
		11192D682C604A73001FDD1E /* FirebaseStorage in Frameworks */ = {isa = PBXBuildFile; productRef = 11192D672C604A73001FDD1E /* FirebaseStorage */; };
		11192D6B2C604EF3001FDD1E /* AppDelegate.swift in Sources */ = {isa = PBXBuildFile; fileRef = 11192D6A2C604EF3001FDD1E /* AppDelegate.swift */; };
		11192D6E2C61C0B5001FDD1E /* Category.swift in Sources */ = {isa = PBXBuildFile; fileRef = 11192D6D2C61C0B5001FDD1E /* Category.swift */; };
		11192D702C61C0D5001FDD1E /* ExpenseLog.swift in Sources */ = {isa = PBXBuildFile; fileRef = 11192D6F2C61C0D5001FDD1E /* ExpenseLog.swift */; };
		11192D722C61C0E9001FDD1E /* Sort.swift in Sources */ = {isa = PBXBuildFile; fileRef = 11192D712C61C0E9001FDD1E /* Sort.swift */; };
		11192D742C61C104001FDD1E /* Utils.swift in Sources */ = {isa = PBXBuildFile; fileRef = 11192D732C61C104001FDD1E /* Utils.swift */; };
		11192D762C63012C001FDD1E /* DatabaseManager.swift in Sources */ = {isa = PBXBuildFile; fileRef = 11192D752C63012C001FDD1E /* DatabaseManager.swift */; };
		11192D792C631220001FDD1E /* LogListViewModel.swift in Sources */ = {isa = PBXBuildFile; fileRef = 11192D782C631220001FDD1E /* LogListViewModel.swift */; };
		11192D7B2C6312F8001FDD1E /* LogFormViewModel.swift in Sources */ = {isa = PBXBuildFile; fileRef = 11192D7A2C6312F8001FDD1E /* LogFormViewModel.swift */; };
		11192D7E2C631395001FDD1E /* FilterCategoryView.swift in Sources */ = {isa = PBXBuildFile; fileRef = 11192D7D2C631395001FDD1E /* FilterCategoryView.swift */; };
		11192D802C645608001FDD1E /* SelectSortOrderView.swift in Sources */ = {isa = PBXBuildFile; fileRef = 11192D7F2C645608001FDD1E /* SelectSortOrderView.swift */; };
		11192D822C658F97001FDD1E /* CategoryImageView.swift in Sources */ = {isa = PBXBuildFile; fileRef = 11192D812C658F97001FDD1E /* CategoryImageView.swift */; };
		11192D842C659300001FDD1E /* LogItemView.swift in Sources */ = {isa = PBXBuildFile; fileRef = 11192D832C659300001FDD1E /* LogItemView.swift */; };
		11192D862C659908001FDD1E /* LogListview.swift in Sources */ = {isa = PBXBuildFile; fileRef = 11192D852C659908001FDD1E /* LogListview.swift */; };
		11192D882C65A0E7001FDD1E /* LogFormView.swift in Sources */ = {isa = PBXBuildFile; fileRef = 11192D872C65A0E7001FDD1E /* LogFormView.swift */; };
		11192D8A2C66FB65001FDD1E /* LogListContainerView.swift in Sources */ = {isa = PBXBuildFile; fileRef = 11192D892C66FB65001FDD1E /* LogListContainerView.swift */; };
		11192D8C2C670207001FDD1E /* FirebaseAuth in Frameworks */ = {isa = PBXBuildFile; productRef = 11192D8B2C670207001FDD1E /* FirebaseAuth */; };
		1197BB0A2C6C42A5008FC7F3 /* ChatGPTUI in Frameworks */ = {isa = PBXBuildFile; productRef = 1197BB092C6C42A5008FC7F3 /* ChatGPTUI */; };
		1197BB0E2C6C4958008FC7F3 /* AlAssitantView.swift in Sources */ = {isa = PBXBuildFile; fileRef = 1197BB0D2C6C4958008FC7F3 /* AlAssitantView.swift */; };
		1197BB112C6DA3BC008FC7F3 /* FunctionTools.swift in Sources */ = {isa = PBXBuildFile; fileRef = 1197BB102C6DA3BC008FC7F3 /* FunctionTools.swift */; };
		1197BB142C6EF056008FC7F3 /* AIAssistantTextChatViewModel.swift in Sources */ = {isa = PBXBuildFile; fileRef = 1197BB132C6EF056008FC7F3 /* AIAssistantTextChatViewModel.swift */; };
		1197BB162C6EF06F008FC7F3 /* AIAssistantResponseView.swift in Sources */ = {isa = PBXBuildFile; fileRef = 1197BB152C6EF06F008FC7F3 /* AIAssistantResponseView.swift */; };
		1197BB182C6EF0C8008FC7F3 /* FunctionResponse.swift in Sources */ = {isa = PBXBuildFile; fileRef = 1197BB172C6EF0C8008FC7F3 /* FunctionResponse.swift */; };
		1197BB1A2C6EF0F1008FC7F3 /* FunctionArguments.swift in Sources */ = {isa = PBXBuildFile; fileRef = 1197BB192C6EF0F1008FC7F3 /* FunctionArguments.swift */; };
		1197BB1C2C6EF120008FC7F3 /* FunctionsManager.swift in Sources */ = {isa = PBXBuildFile; fileRef = 1197BB1B2C6EF120008FC7F3 /* FunctionsManager.swift */; };
		1197BB1E2C6EF164008FC7F3 /* Date.swift in Sources */ = {isa = PBXBuildFile; fileRef = 1197BB1D2C6EF164008FC7F3 /* Date.swift */; };
/* End PBXBuildFile section */

/* Begin PBXFileReference section */
		11192D4F2C603FF5001FDD1E /* AIExpenseAssistant.app */ = {isa = PBXFileReference; explicitFileType = wrapper.application; includeInIndex = 0; path = AIExpenseAssistant.app; sourceTree = BUILT_PRODUCTS_DIR; };
		11192D522C603FF5001FDD1E /* AIExpenseAssistantApp.swift */ = {isa = PBXFileReference; lastKnownFileType = sourcecode.swift; path = AIExpenseAssistantApp.swift; sourceTree = "<group>"; };
		11192D542C603FF5001FDD1E /* ContentView.swift */ = {isa = PBXFileReference; lastKnownFileType = sourcecode.swift; path = ContentView.swift; sourceTree = "<group>"; };
		11192D562C603FF6001FDD1E /* Assets.xcassets */ = {isa = PBXFileReference; lastKnownFileType = folder.assetcatalog; path = Assets.xcassets; sourceTree = "<group>"; };
		11192D582C603FF6001FDD1E /* AIExpenseAssistant.entitlements */ = {isa = PBXFileReference; lastKnownFileType = text.plist.entitlements; path = AIExpenseAssistant.entitlements; sourceTree = "<group>"; };
		11192D5A2C603FF6001FDD1E /* Preview Assets.xcassets */ = {isa = PBXFileReference; lastKnownFileType = folder.assetcatalog; path = "Preview Assets.xcassets"; sourceTree = "<group>"; };
		11192D612C6042A5001FDD1E /* GoogleService-Info.plist */ = {isa = PBXFileReference; fileEncoding = 4; lastKnownFileType = text.plist.xml; path = "GoogleService-Info.plist"; sourceTree = "<group>"; };
		11192D692C604AFB001FDD1E /* Info.plist */ = {isa = PBXFileReference; lastKnownFileType = text.plist; path = Info.plist; sourceTree = "<group>"; };
		11192D6A2C604EF3001FDD1E /* AppDelegate.swift */ = {isa = PBXFileReference; lastKnownFileType = sourcecode.swift; path = AppDelegate.swift; sourceTree = "<group>"; };
		11192D6D2C61C0B5001FDD1E /* Category.swift */ = {isa = PBXFileReference; lastKnownFileType = sourcecode.swift; path = Category.swift; sourceTree = "<group>"; };
		11192D6F2C61C0D5001FDD1E /* ExpenseLog.swift */ = {isa = PBXFileReference; lastKnownFileType = sourcecode.swift; path = ExpenseLog.swift; sourceTree = "<group>"; };
		11192D712C61C0E9001FDD1E /* Sort.swift */ = {isa = PBXFileReference; lastKnownFileType = sourcecode.swift; path = Sort.swift; sourceTree = "<group>"; };
		11192D732C61C104001FDD1E /* Utils.swift */ = {isa = PBXFileReference; lastKnownFileType = sourcecode.swift; path = Utils.swift; sourceTree = "<group>"; };
		11192D752C63012C001FDD1E /* DatabaseManager.swift */ = {isa = PBXFileReference; lastKnownFileType = sourcecode.swift; path = DatabaseManager.swift; sourceTree = "<group>"; };
		11192D782C631220001FDD1E /* LogListViewModel.swift */ = {isa = PBXFileReference; lastKnownFileType = sourcecode.swift; path = LogListViewModel.swift; sourceTree = "<group>"; };
		11192D7A2C6312F8001FDD1E /* LogFormViewModel.swift */ = {isa = PBXFileReference; lastKnownFileType = sourcecode.swift; path = LogFormViewModel.swift; sourceTree = "<group>"; };
		11192D7D2C631395001FDD1E /* FilterCategoryView.swift */ = {isa = PBXFileReference; lastKnownFileType = sourcecode.swift; path = FilterCategoryView.swift; sourceTree = "<group>"; };
		11192D7F2C645608001FDD1E /* SelectSortOrderView.swift */ = {isa = PBXFileReference; lastKnownFileType = sourcecode.swift; path = SelectSortOrderView.swift; sourceTree = "<group>"; };
		11192D812C658F97001FDD1E /* CategoryImageView.swift */ = {isa = PBXFileReference; lastKnownFileType = sourcecode.swift; path = CategoryImageView.swift; sourceTree = "<group>"; };
		11192D832C659300001FDD1E /* LogItemView.swift */ = {isa = PBXFileReference; lastKnownFileType = sourcecode.swift; path = LogItemView.swift; sourceTree = "<group>"; };
		11192D852C659908001FDD1E /* LogListview.swift */ = {isa = PBXFileReference; lastKnownFileType = sourcecode.swift; path = LogListview.swift; sourceTree = "<group>"; };
		11192D872C65A0E7001FDD1E /* LogFormView.swift */ = {isa = PBXFileReference; lastKnownFileType = sourcecode.swift; path = LogFormView.swift; sourceTree = "<group>"; };
		11192D892C66FB65001FDD1E /* LogListContainerView.swift */ = {isa = PBXFileReference; lastKnownFileType = sourcecode.swift; path = LogListContainerView.swift; sourceTree = "<group>"; };
		1197BB0D2C6C4958008FC7F3 /* AlAssitantView.swift */ = {isa = PBXFileReference; lastKnownFileType = sourcecode.swift; path = AlAssitantView.swift; sourceTree = "<group>"; };
		1197BB102C6DA3BC008FC7F3 /* FunctionTools.swift */ = {isa = PBXFileReference; lastKnownFileType = sourcecode.swift; path = FunctionTools.swift; sourceTree = "<group>"; };
		1197BB132C6EF056008FC7F3 /* AIAssistantTextChatViewModel.swift */ = {isa = PBXFileReference; lastKnownFileType = sourcecode.swift; path = AIAssistantTextChatViewModel.swift; sourceTree = "<group>"; };
		1197BB152C6EF06F008FC7F3 /* AIAssistantResponseView.swift */ = {isa = PBXFileReference; lastKnownFileType = sourcecode.swift; path = AIAssistantResponseView.swift; sourceTree = "<group>"; };
		1197BB172C6EF0C8008FC7F3 /* FunctionResponse.swift */ = {isa = PBXFileReference; lastKnownFileType = sourcecode.swift; path = FunctionResponse.swift; sourceTree = "<group>"; };
		1197BB192C6EF0F1008FC7F3 /* FunctionArguments.swift */ = {isa = PBXFileReference; lastKnownFileType = sourcecode.swift; path = FunctionArguments.swift; sourceTree = "<group>"; };
		1197BB1B2C6EF120008FC7F3 /* FunctionsManager.swift */ = {isa = PBXFileReference; lastKnownFileType = sourcecode.swift; path = FunctionsManager.swift; sourceTree = "<group>"; };
		1197BB1D2C6EF164008FC7F3 /* Date.swift */ = {isa = PBXFileReference; lastKnownFileType = sourcecode.swift; path = Date.swift; sourceTree = "<group>"; };
/* End PBXFileReference section */

/* Begin PBXFrameworksBuildPhase section */
		11192D4C2C603FF5001FDD1E /* Frameworks */ = {
			isa = PBXFrameworksBuildPhase;
			buildActionMask = 2147483647;
			files = (
				11192D662C604A73001FDD1E /* FirebaseFirestore in Frameworks */,
				11192D8C2C670207001FDD1E /* FirebaseAuth in Frameworks */,
				1197BB0A2C6C42A5008FC7F3 /* ChatGPTUI in Frameworks */,
				11192D682C604A73001FDD1E /* FirebaseStorage in Frameworks */,
			);
			runOnlyForDeploymentPostprocessing = 0;
		};
/* End PBXFrameworksBuildPhase section */

/* Begin PBXGroup section */
		11192D462C603FF5001FDD1E = {
			isa = PBXGroup;
			children = (
				11192D512C603FF5001FDD1E /* AIExpenseAssistant */,
				11192D502C603FF5001FDD1E /* Products */,
				11192D642C604A73001FDD1E /* Frameworks */,
			);
			sourceTree = "<group>";
		};
		11192D502C603FF5001FDD1E /* Products */ = {
			isa = PBXGroup;
			children = (
				11192D4F2C603FF5001FDD1E /* AIExpenseAssistant.app */,
			);
			name = Products;
			sourceTree = "<group>";
		};
		11192D512C603FF5001FDD1E /* AIExpenseAssistant */ = {
			isa = PBXGroup;
			children = (
				1197BB0B2C6C493D008FC7F3 /* AIAssistant */,
				11192D612C6042A5001FDD1E /* GoogleService-Info.plist */,
				11192D7C2C631378001FDD1E /* Views */,
				11192D772C631200001FDD1E /* ViewModels */,
				11192D732C61C104001FDD1E /* Utils.swift */,
				11192D6C2C61C0AA001FDD1E /* Models */,
				11192D692C604AFB001FDD1E /* Info.plist */,
				11192D522C603FF5001FDD1E /* AIExpenseAssistantApp.swift */,
				11192D542C603FF5001FDD1E /* ContentView.swift */,
				11192D562C603FF6001FDD1E /* Assets.xcassets */,
				11192D582C603FF6001FDD1E /* AIExpenseAssistant.entitlements */,
				11192D592C603FF6001FDD1E /* Preview Content */,
				11192D6A2C604EF3001FDD1E /* AppDelegate.swift */,
				11192D752C63012C001FDD1E /* DatabaseManager.swift */,
				1197BB1D2C6EF164008FC7F3 /* Date.swift */,
			);
			path = AIExpenseAssistant;
			sourceTree = "<group>";
		};
		11192D592C603FF6001FDD1E /* Preview Content */ = {
			isa = PBXGroup;
			children = (
				11192D5A2C603FF6001FDD1E /* Preview Assets.xcassets */,
			);
			path = "Preview Content";
			sourceTree = "<group>";
		};
		11192D642C604A73001FDD1E /* Frameworks */ = {
			isa = PBXGroup;
			children = (
			);
			name = Frameworks;
			sourceTree = "<group>";
		};
		11192D6C2C61C0AA001FDD1E /* Models */ = {
			isa = PBXGroup;
			children = (
				11192D6D2C61C0B5001FDD1E /* Category.swift */,
				11192D6F2C61C0D5001FDD1E /* ExpenseLog.swift */,
				11192D712C61C0E9001FDD1E /* Sort.swift */,
			);
			path = Models;
			sourceTree = "<group>";
		};
		11192D772C631200001FDD1E /* ViewModels */ = {
			isa = PBXGroup;
			children = (
				11192D782C631220001FDD1E /* LogListViewModel.swift */,
				11192D7A2C6312F8001FDD1E /* LogFormViewModel.swift */,
			);
			path = ViewModels;
			sourceTree = "<group>";
		};
		11192D7C2C631378001FDD1E /* Views */ = {
			isa = PBXGroup;
			children = (
				11192D7D2C631395001FDD1E /* FilterCategoryView.swift */,
				11192D7F2C645608001FDD1E /* SelectSortOrderView.swift */,
				11192D812C658F97001FDD1E /* CategoryImageView.swift */,
				11192D832C659300001FDD1E /* LogItemView.swift */,
				11192D852C659908001FDD1E /* LogListview.swift */,
				11192D872C65A0E7001FDD1E /* LogFormView.swift */,
				11192D892C66FB65001FDD1E /* LogListContainerView.swift */,
			);
			path = Views;
			sourceTree = "<group>";
		};
		1197BB0B2C6C493D008FC7F3 /* AIAssistant */ = {
			isa = PBXGroup;
			children = (
				1197BB122C6EDC0D008FC7F3 /* ViewModels */,
				1197BB0F2C6DA3A7008FC7F3 /* Models */,
				1197BB0C2C6C4949008FC7F3 /* Views */,
				1197BB1B2C6EF120008FC7F3 /* FunctionsManager.swift */,
			);
			path = AIAssistant;
			sourceTree = "<group>";
		};
		1197BB0C2C6C4949008FC7F3 /* Views */ = {
			isa = PBXGroup;
			children = (
				1197BB0D2C6C4958008FC7F3 /* AlAssitantView.swift */,
				1197BB152C6EF06F008FC7F3 /* AIAssistantResponseView.swift */,
			);
			path = Views;
			sourceTree = "<group>";
		};
		1197BB0F2C6DA3A7008FC7F3 /* Models */ = {
			isa = PBXGroup;
			children = (
				1197BB102C6DA3BC008FC7F3 /* FunctionTools.swift */,
				1197BB172C6EF0C8008FC7F3 /* FunctionResponse.swift */,
				1197BB192C6EF0F1008FC7F3 /* FunctionArguments.swift */,
			);
			path = Models;
			sourceTree = "<group>";
		};
		1197BB122C6EDC0D008FC7F3 /* ViewModels */ = {
			isa = PBXGroup;
			children = (
				1197BB132C6EF056008FC7F3 /* AIAssistantTextChatViewModel.swift */,
			);
			path = ViewModels;
			sourceTree = "<group>";
		};
/* End PBXGroup section */

/* Begin PBXNativeTarget section */
		11192D4E2C603FF5001FDD1E /* AIExpenseAssistant */ = {
			isa = PBXNativeTarget;
			buildConfigurationList = 11192D5E2C603FF6001FDD1E /* Build configuration list for PBXNativeTarget "AIExpenseAssistant" */;
			buildPhases = (
				11192D4B2C603FF5001FDD1E /* Sources */,
				11192D4C2C603FF5001FDD1E /* Frameworks */,
				11192D4D2C603FF5001FDD1E /* Resources */,
			);
			buildRules = (
			);
			dependencies = (
			);
			name = AIExpenseAssistant;
			packageProductDependencies = (
				11192D652C604A73001FDD1E /* FirebaseFirestore */,
				11192D672C604A73001FDD1E /* FirebaseStorage */,
				11192D8B2C670207001FDD1E /* FirebaseAuth */,
				1197BB092C6C42A5008FC7F3 /* ChatGPTUI */,
			);
			productName = AIExpenseAssistant;
			productReference = 11192D4F2C603FF5001FDD1E /* AIExpenseAssistant.app */;
			productType = "com.apple.product-type.application";
		};
/* End PBXNativeTarget section */

/* Begin PBXProject section */
		11192D472C603FF5001FDD1E /* Project object */ = {
			isa = PBXProject;
			attributes = {
				BuildIndependentTargetsInParallel = 1;
				LastSwiftUpdateCheck = 1540;
				LastUpgradeCheck = 1540;
				TargetAttributes = {
					11192D4E2C603FF5001FDD1E = {
						CreatedOnToolsVersion = 15.4;
					};
				};
			};
			buildConfigurationList = 11192D4A2C603FF5001FDD1E /* Build configuration list for PBXProject "AIExpenseAssistant" */;
			compatibilityVersion = "Xcode 14.0";
			developmentRegion = en;
			hasScannedForEncodings = 0;
			knownRegions = (
				en,
				Base,
			);
			mainGroup = 11192D462C603FF5001FDD1E;
			packageReferences = (
				11192D632C604A08001FDD1E /* XCRemoteSwiftPackageReference "firebase-ios-sdk" */,
				1197BB082C6C42A5008FC7F3 /* XCRemoteSwiftPackageReference "ChatGPTUI" */,
			);
			productRefGroup = 11192D502C603FF5001FDD1E /* Products */;
			projectDirPath = "";
			projectRoot = "";
			targets = (
				11192D4E2C603FF5001FDD1E /* AIExpenseAssistant */,
			);
		};
/* End PBXProject section */

/* Begin PBXResourcesBuildPhase section */
		11192D4D2C603FF5001FDD1E /* Resources */ = {
			isa = PBXResourcesBuildPhase;
			buildActionMask = 2147483647;
			files = (
				11192D5B2C603FF6001FDD1E /* Preview Assets.xcassets in Resources */,
				11192D572C603FF6001FDD1E /* Assets.xcassets in Resources */,
				11192D622C6042A5001FDD1E /* GoogleService-Info.plist in Resources */,
			);
			runOnlyForDeploymentPostprocessing = 0;
		};
/* End PBXResourcesBuildPhase section */

/* Begin PBXSourcesBuildPhase section */
		11192D4B2C603FF5001FDD1E /* Sources */ = {
			isa = PBXSourcesBuildPhase;
			buildActionMask = 2147483647;
			files = (
				11192D762C63012C001FDD1E /* DatabaseManager.swift in Sources */,
				11192D702C61C0D5001FDD1E /* ExpenseLog.swift in Sources */,
				1197BB182C6EF0C8008FC7F3 /* FunctionResponse.swift in Sources */,
				1197BB112C6DA3BC008FC7F3 /* FunctionTools.swift in Sources */,
				11192D842C659300001FDD1E /* LogItemView.swift in Sources */,
				11192D6B2C604EF3001FDD1E /* AppDelegate.swift in Sources */,
				1197BB1E2C6EF164008FC7F3 /* Date.swift in Sources */,
				11192D802C645608001FDD1E /* SelectSortOrderView.swift in Sources */,
				1197BB142C6EF056008FC7F3 /* AIAssistantTextChatViewModel.swift in Sources */,
				1197BB162C6EF06F008FC7F3 /* AIAssistantResponseView.swift in Sources */,
				11192D792C631220001FDD1E /* LogListViewModel.swift in Sources */,
				11192D7E2C631395001FDD1E /* FilterCategoryView.swift in Sources */,
				11192D8A2C66FB65001FDD1E /* LogListContainerView.swift in Sources */,
				11192D552C603FF5001FDD1E /* ContentView.swift in Sources */,
				11192D7B2C6312F8001FDD1E /* LogFormViewModel.swift in Sources */,
				1197BB0E2C6C4958008FC7F3 /* AlAssitantView.swift in Sources */,
				1197BB1A2C6EF0F1008FC7F3 /* FunctionArguments.swift in Sources */,
				11192D822C658F97001FDD1E /* CategoryImageView.swift in Sources */,
				11192D742C61C104001FDD1E /* Utils.swift in Sources */,
				11192D532C603FF5001FDD1E /* AIExpenseAssistantApp.swift in Sources */,
				11192D6E2C61C0B5001FDD1E /* Category.swift in Sources */,
				11192D882C65A0E7001FDD1E /* LogFormView.swift in Sources */,
				1197BB1C2C6EF120008FC7F3 /* FunctionsManager.swift in Sources */,
				11192D862C659908001FDD1E /* LogListview.swift in Sources */,
				11192D722C61C0E9001FDD1E /* Sort.swift in Sources */,
			);
			runOnlyForDeploymentPostprocessing = 0;
		};
/* End PBXSourcesBuildPhase section */

/* Begin XCBuildConfiguration section */
		11192D5C2C603FF6001FDD1E /* Debug */ = {
			isa = XCBuildConfiguration;
			buildSettings = {
				ALWAYS_SEARCH_USER_PATHS = NO;
				ASSETCATALOG_COMPILER_GENERATE_SWIFT_ASSET_SYMBOL_EXTENSIONS = YES;
				CLANG_ANALYZER_NONNULL = YES;
				CLANG_ANALYZER_NUMBER_OBJECT_CONVERSION = YES_AGGRESSIVE;
				CLANG_CXX_LANGUAGE_STANDARD = "gnu++20";
				CLANG_ENABLE_MODULES = YES;
				CLANG_ENABLE_OBJC_ARC = YES;
				CLANG_ENABLE_OBJC_WEAK = YES;
				CLANG_WARN_BLOCK_CAPTURE_AUTORELEASING = YES;
				CLANG_WARN_BOOL_CONVERSION = YES;
				CLANG_WARN_COMMA = YES;
				CLANG_WARN_CONSTANT_CONVERSION = YES;
				CLANG_WARN_DEPRECATED_OBJC_IMPLEMENTATIONS = YES;
				CLANG_WARN_DIRECT_OBJC_ISA_USAGE = YES_ERROR;
				CLANG_WARN_DOCUMENTATION_COMMENTS = YES;
				CLANG_WARN_EMPTY_BODY = YES;
				CLANG_WARN_ENUM_CONVERSION = YES;
				CLANG_WARN_INFINITE_RECURSION = YES;
				CLANG_WARN_INT_CONVERSION = YES;
				CLANG_WARN_NON_LITERAL_NULL_CONVERSION = YES;
				CLANG_WARN_OBJC_IMPLICIT_RETAIN_SELF = YES;
				CLANG_WARN_OBJC_LITERAL_CONVERSION = YES;
				CLANG_WARN_OBJC_ROOT_CLASS = YES_ERROR;
				CLANG_WARN_QUOTED_INCLUDE_IN_FRAMEWORK_HEADER = YES;
				CLANG_WARN_RANGE_LOOP_ANALYSIS = YES;
				CLANG_WARN_STRICT_PROTOTYPES = YES;
				CLANG_WARN_SUSPICIOUS_MOVE = YES;
				CLANG_WARN_UNGUARDED_AVAILABILITY = YES_AGGRESSIVE;
				CLANG_WARN_UNREACHABLE_CODE = YES;
				CLANG_WARN__DUPLICATE_METHOD_MATCH = YES;
				COPY_PHASE_STRIP = NO;
				DEBUG_INFORMATION_FORMAT = dwarf;
				ENABLE_STRICT_OBJC_MSGSEND = YES;
				ENABLE_TESTABILITY = YES;
				ENABLE_USER_SCRIPT_SANDBOXING = YES;
				GCC_C_LANGUAGE_STANDARD = gnu17;
				GCC_DYNAMIC_NO_PIC = NO;
				GCC_NO_COMMON_BLOCKS = YES;
				GCC_OPTIMIZATION_LEVEL = 0;
				GCC_PREPROCESSOR_DEFINITIONS = (
					"DEBUG=1",
					"$(inherited)",
				);
				GCC_WARN_64_TO_32_BIT_CONVERSION = YES;
				GCC_WARN_ABOUT_RETURN_TYPE = YES_ERROR;
				GCC_WARN_UNDECLARED_SELECTOR = YES;
				GCC_WARN_UNINITIALIZED_AUTOS = YES_AGGRESSIVE;
				GCC_WARN_UNUSED_FUNCTION = YES;
				GCC_WARN_UNUSED_VARIABLE = YES;
				LOCALIZATION_PREFERS_STRING_CATALOGS = YES;
				MTL_ENABLE_DEBUG_INFO = INCLUDE_SOURCE;
				MTL_FAST_MATH = YES;
				ONLY_ACTIVE_ARCH = YES;
				SWIFT_ACTIVE_COMPILATION_CONDITIONS = "DEBUG $(inherited)";
				SWIFT_OPTIMIZATION_LEVEL = "-Onone";
			};
			name = Debug;
		};
		11192D5D2C603FF6001FDD1E /* Release */ = {
			isa = XCBuildConfiguration;
			buildSettings = {
				ALWAYS_SEARCH_USER_PATHS = NO;
				ASSETCATALOG_COMPILER_GENERATE_SWIFT_ASSET_SYMBOL_EXTENSIONS = YES;
				CLANG_ANALYZER_NONNULL = YES;
				CLANG_ANALYZER_NUMBER_OBJECT_CONVERSION = YES_AGGRESSIVE;
				CLANG_CXX_LANGUAGE_STANDARD = "gnu++20";
				CLANG_ENABLE_MODULES = YES;
				CLANG_ENABLE_OBJC_ARC = YES;
				CLANG_ENABLE_OBJC_WEAK = YES;
				CLANG_WARN_BLOCK_CAPTURE_AUTORELEASING = YES;
				CLANG_WARN_BOOL_CONVERSION = YES;
				CLANG_WARN_COMMA = YES;
				CLANG_WARN_CONSTANT_CONVERSION = YES;
				CLANG_WARN_DEPRECATED_OBJC_IMPLEMENTATIONS = YES;
				CLANG_WARN_DIRECT_OBJC_ISA_USAGE = YES_ERROR;
				CLANG_WARN_DOCUMENTATION_COMMENTS = YES;
				CLANG_WARN_EMPTY_BODY = YES;
				CLANG_WARN_ENUM_CONVERSION = YES;
				CLANG_WARN_INFINITE_RECURSION = YES;
				CLANG_WARN_INT_CONVERSION = YES;
				CLANG_WARN_NON_LITERAL_NULL_CONVERSION = YES;
				CLANG_WARN_OBJC_IMPLICIT_RETAIN_SELF = YES;
				CLANG_WARN_OBJC_LITERAL_CONVERSION = YES;
				CLANG_WARN_OBJC_ROOT_CLASS = YES_ERROR;
				CLANG_WARN_QUOTED_INCLUDE_IN_FRAMEWORK_HEADER = YES;
				CLANG_WARN_RANGE_LOOP_ANALYSIS = YES;
				CLANG_WARN_STRICT_PROTOTYPES = YES;
				CLANG_WARN_SUSPICIOUS_MOVE = YES;
				CLANG_WARN_UNGUARDED_AVAILABILITY = YES_AGGRESSIVE;
				CLANG_WARN_UNREACHABLE_CODE = YES;
				CLANG_WARN__DUPLICATE_METHOD_MATCH = YES;
				COPY_PHASE_STRIP = NO;
				DEBUG_INFORMATION_FORMAT = "dwarf-with-dsym";
				ENABLE_NS_ASSERTIONS = NO;
				ENABLE_STRICT_OBJC_MSGSEND = YES;
				ENABLE_USER_SCRIPT_SANDBOXING = YES;
				GCC_C_LANGUAGE_STANDARD = gnu17;
				GCC_NO_COMMON_BLOCKS = YES;
				GCC_WARN_64_TO_32_BIT_CONVERSION = YES;
				GCC_WARN_ABOUT_RETURN_TYPE = YES_ERROR;
				GCC_WARN_UNDECLARED_SELECTOR = YES;
				GCC_WARN_UNINITIALIZED_AUTOS = YES_AGGRESSIVE;
				GCC_WARN_UNUSED_FUNCTION = YES;
				GCC_WARN_UNUSED_VARIABLE = YES;
				LOCALIZATION_PREFERS_STRING_CATALOGS = YES;
				MTL_ENABLE_DEBUG_INFO = NO;
				MTL_FAST_MATH = YES;
				SWIFT_COMPILATION_MODE = wholemodule;
			};
			name = Release;
		};
		11192D5F2C603FF6001FDD1E /* Debug */ = {
			isa = XCBuildConfiguration;
			buildSettings = {
				ASSETCATALOG_COMPILER_APPICON_NAME = AppIcon;
				ASSETCATALOG_COMPILER_GLOBAL_ACCENT_COLOR_NAME = AccentColor;
				CODE_SIGN_ENTITLEMENTS = AIExpenseAssistant/AIExpenseAssistant.entitlements;
				CODE_SIGN_STYLE = Automatic;
				CURRENT_PROJECT_VERSION = 1;
				DEVELOPMENT_ASSET_PATHS = "\"AIExpenseAssistant/Preview Content\"";
				DEVELOPMENT_TEAM = CSE9343A58;
				ENABLE_HARDENED_RUNTIME = YES;
				ENABLE_PREVIEWS = YES;
				GENERATE_INFOPLIST_FILE = YES;
				INFOPLIST_FILE = AIExpenseAssistant/Info.plist;
				INFOPLIST_KEY_NSMicrophoneUsageDescription = "Talk with AI";
				"INFOPLIST_KEY_UIApplicationSceneManifest_Generation[sdk=iphoneos*]" = YES;
				"INFOPLIST_KEY_UIApplicationSceneManifest_Generation[sdk=iphonesimulator*]" = YES;
				"INFOPLIST_KEY_UIApplicationSupportsIndirectInputEvents[sdk=iphoneos*]" = YES;
				"INFOPLIST_KEY_UIApplicationSupportsIndirectInputEvents[sdk=iphonesimulator*]" = YES;
				"INFOPLIST_KEY_UILaunchScreen_Generation[sdk=iphoneos*]" = YES;
				"INFOPLIST_KEY_UILaunchScreen_Generation[sdk=iphonesimulator*]" = YES;
				"INFOPLIST_KEY_UIStatusBarStyle[sdk=iphoneos*]" = UIStatusBarStyleDefault;
				"INFOPLIST_KEY_UIStatusBarStyle[sdk=iphonesimulator*]" = UIStatusBarStyleDefault;
				INFOPLIST_KEY_UISupportedInterfaceOrientations_iPad = "UIInterfaceOrientationPortrait UIInterfaceOrientationPortraitUpsideDown UIInterfaceOrientationLandscapeLeft UIInterfaceOrientationLandscapeRight";
				INFOPLIST_KEY_UISupportedInterfaceOrientations_iPhone = "UIInterfaceOrientationPortrait UIInterfaceOrientationLandscapeLeft UIInterfaceOrientationLandscapeRight";
				IPHONEOS_DEPLOYMENT_TARGET = 17.5;
				LD_RUNPATH_SEARCH_PATHS = "@executable_path/Frameworks";
				"LD_RUNPATH_SEARCH_PATHS[sdk=macosx*]" = "@executable_path/../Frameworks";
				MACOSX_DEPLOYMENT_TARGET = 14.5;
				MARKETING_VERSION = 1.0;
				PRODUCT_BUNDLE_IDENTIFIER = com.srdpt3.AIExpenseAssistant;
				PRODUCT_NAME = "$(TARGET_NAME)";
				SDKROOT = auto;
				SUPPORTED_PLATFORMS = "iphoneos iphonesimulator macosx xros xrsimulator";
				SUPPORTS_MACCATALYST = NO;
				SWIFT_EMIT_LOC_STRINGS = YES;
				SWIFT_VERSION = 5.0;
				TARGETED_DEVICE_FAMILY = "1,2,7";
			};
			name = Debug;
		};
		11192D602C603FF6001FDD1E /* Release */ = {
			isa = XCBuildConfiguration;
			buildSettings = {
				ASSETCATALOG_COMPILER_APPICON_NAME = AppIcon;
				ASSETCATALOG_COMPILER_GLOBAL_ACCENT_COLOR_NAME = AccentColor;
				CODE_SIGN_ENTITLEMENTS = AIExpenseAssistant/AIExpenseAssistant.entitlements;
				CODE_SIGN_STYLE = Automatic;
				CURRENT_PROJECT_VERSION = 1;
				DEVELOPMENT_ASSET_PATHS = "\"AIExpenseAssistant/Preview Content\"";
				DEVELOPMENT_TEAM = CSE9343A58;
				ENABLE_HARDENED_RUNTIME = YES;
				ENABLE_PREVIEWS = YES;
				GENERATE_INFOPLIST_FILE = YES;
				INFOPLIST_FILE = AIExpenseAssistant/Info.plist;
				INFOPLIST_KEY_NSMicrophoneUsageDescription = "Talk with AI";
				"INFOPLIST_KEY_UIApplicationSceneManifest_Generation[sdk=iphoneos*]" = YES;
				"INFOPLIST_KEY_UIApplicationSceneManifest_Generation[sdk=iphonesimulator*]" = YES;
				"INFOPLIST_KEY_UIApplicationSupportsIndirectInputEvents[sdk=iphoneos*]" = YES;
				"INFOPLIST_KEY_UIApplicationSupportsIndirectInputEvents[sdk=iphonesimulator*]" = YES;
				"INFOPLIST_KEY_UILaunchScreen_Generation[sdk=iphoneos*]" = YES;
				"INFOPLIST_KEY_UILaunchScreen_Generation[sdk=iphonesimulator*]" = YES;
				"INFOPLIST_KEY_UIStatusBarStyle[sdk=iphoneos*]" = UIStatusBarStyleDefault;
				"INFOPLIST_KEY_UIStatusBarStyle[sdk=iphonesimulator*]" = UIStatusBarStyleDefault;
				INFOPLIST_KEY_UISupportedInterfaceOrientations_iPad = "UIInterfaceOrientationPortrait UIInterfaceOrientationPortraitUpsideDown UIInterfaceOrientationLandscapeLeft UIInterfaceOrientationLandscapeRight";
				INFOPLIST_KEY_UISupportedInterfaceOrientations_iPhone = "UIInterfaceOrientationPortrait UIInterfaceOrientationLandscapeLeft UIInterfaceOrientationLandscapeRight";
				IPHONEOS_DEPLOYMENT_TARGET = 17.5;
				LD_RUNPATH_SEARCH_PATHS = "@executable_path/Frameworks";
				"LD_RUNPATH_SEARCH_PATHS[sdk=macosx*]" = "@executable_path/../Frameworks";
				MACOSX_DEPLOYMENT_TARGET = 14.5;
				MARKETING_VERSION = 1.0;
				PRODUCT_BUNDLE_IDENTIFIER = com.srdpt3.AIExpenseAssistant;
				PRODUCT_NAME = "$(TARGET_NAME)";
				SDKROOT = auto;
				SUPPORTED_PLATFORMS = "iphoneos iphonesimulator macosx xros xrsimulator";
				SUPPORTS_MACCATALYST = NO;
				SWIFT_EMIT_LOC_STRINGS = YES;
				SWIFT_VERSION = 5.0;
				TARGETED_DEVICE_FAMILY = "1,2,7";
			};
			name = Release;
		};
/* End XCBuildConfiguration section */

/* Begin XCConfigurationList section */
		11192D4A2C603FF5001FDD1E /* Build configuration list for PBXProject "AIExpenseAssistant" */ = {
			isa = XCConfigurationList;
			buildConfigurations = (
				11192D5C2C603FF6001FDD1E /* Debug */,
				11192D5D2C603FF6001FDD1E /* Release */,
			);
			defaultConfigurationIsVisible = 0;
			defaultConfigurationName = Release;
		};
		11192D5E2C603FF6001FDD1E /* Build configuration list for PBXNativeTarget "AIExpenseAssistant" */ = {
			isa = XCConfigurationList;
			buildConfigurations = (
				11192D5F2C603FF6001FDD1E /* Debug */,
				11192D602C603FF6001FDD1E /* Release */,
			);
			defaultConfigurationIsVisible = 0;
			defaultConfigurationName = Release;
		};
/* End XCConfigurationList section */

/* Begin XCRemoteSwiftPackageReference section */
		11192D632C604A08001FDD1E /* XCRemoteSwiftPackageReference "firebase-ios-sdk" */ = {
			isa = XCRemoteSwiftPackageReference;
			repositoryURL = "https://github.com/firebase/firebase-ios-sdk";
			requirement = {
				kind = upToNextMajorVersion;
				minimumVersion = 11.0.0;
			};
		};
		1197BB082C6C42A5008FC7F3 /* XCRemoteSwiftPackageReference "ChatGPTUI" */ = {
			isa = XCRemoteSwiftPackageReference;
			repositoryURL = "https://github.com/alfianlosari/ChatGPTUI.git";
			requirement = {
				kind = upToNextMajorVersion;
				minimumVersion = 0.3.1;
			};
		};
/* End XCRemoteSwiftPackageReference section */

/* Begin XCSwiftPackageProductDependency section */
		11192D652C604A73001FDD1E /* FirebaseFirestore */ = {
			isa = XCSwiftPackageProductDependency;
			package = 11192D632C604A08001FDD1E /* XCRemoteSwiftPackageReference "firebase-ios-sdk" */;
			productName = FirebaseFirestore;
		};
		11192D672C604A73001FDD1E /* FirebaseStorage */ = {
			isa = XCSwiftPackageProductDependency;
			package = 11192D632C604A08001FDD1E /* XCRemoteSwiftPackageReference "firebase-ios-sdk" */;
			productName = FirebaseStorage;
		};
		11192D8B2C670207001FDD1E /* FirebaseAuth */ = {
			isa = XCSwiftPackageProductDependency;
			package = 11192D632C604A08001FDD1E /* XCRemoteSwiftPackageReference "firebase-ios-sdk" */;
			productName = FirebaseAuth;
		};
		1197BB092C6C42A5008FC7F3 /* ChatGPTUI */ = {
			isa = XCSwiftPackageProductDependency;
			package = 1197BB082C6C42A5008FC7F3 /* XCRemoteSwiftPackageReference "ChatGPTUI" */;
			productName = ChatGPTUI;
		};
/* End XCSwiftPackageProductDependency section */
	};
	rootObject = 11192D472C603FF5001FDD1E /* Project object */;
}
